
Microsoft Visual Studio Solution File, Format Version 12.00
# Visual Studio Version 17
VisualStudioVersion = 17.1.32421.90
MinimumVisualStudioVersion = 10.0.40219.1
Project("{FAE04EC0-301F-11D3-BF4B-00C04F79EFBC}") = "Commands", "Commands\Commands.csproj", "{09610211-2075-4B00-8355-FC4EC5BBEE3D}"
EndProject
Global
	GlobalSection(SolutionConfigurationPlatforms) = preSolution
		Debug|Any CPU = Debug|Any CPU
		Release|Any CPU = Release|Any CPU
	EndGlobalSection
	GlobalSection(ProjectConfigurationPlatforms) = postSolution
		{09610211-2075-4B00-8355-FC4EC5BBEE3D}.Debug|Any CPU.ActiveCfg = Debug|Any CPU
		{09610211-2075-4B00-8355-FC4EC5BBEE3D}.Debug|Any CPU.Build.0 = Debug|Any CPU
		{09610211-2075-4B00-8355-FC4EC5BBEE3D}.Release|Any CPU.ActiveCfg = Release|Any CPU
		{09610211-2075-4B00-8355-FC4EC5BBEE3D}.Release|Any CPU.Build.0 = Release|Any CPU
	EndGlobalSection
	GlobalSection(SolutionProperties) = preSolution
		HideSolutionNode = FALSE
	EndGlobalSection
	GlobalSection(ExtensibilityGlobals) = postSolution
		SolutionGuid = {CC91007F-EF43-4469-BC84-1C5E24149042}
	EndGlobalSection
EndGlobal
